
Microsoft Visual Studio Solution File, Format Version 12.00
# Visual Studio 15
VisualStudioVersion = 15.0.27428.2015
MinimumVisualStudioVersion = 10.0.40219.1
Project("{CC5FD16D-436D-48AD-A40C-5A424C6E3E79}") = "StudentService", "StudentService\StudentService.ccproj", "{7EE95503-3A56-4879-9E1F-282AD8BDE8EF}"
EndProject
Project("{FAE04EC0-301F-11D3-BF4B-00C04F79EFBC}") = "StudentService_WebRole", "StudentService_WebRole\StudentService_WebRole.csproj", "{37F692FC-4058-4B72-A936-1EEC3CBF755D}"
EndProject
Project("{FAE04EC0-301F-11D3-BF4B-00C04F79EFBC}") = "StudentsService_Data", "StudentsService_Data\StudentsService_Data.csproj", "{62B93BC2-E998-4F7E-9B47-E6720C634F3D}"
EndProject
Global
	GlobalSection(SolutionConfigurationPlatforms) = preSolution
		Debug|Any CPU = Debug|Any CPU
		Release|Any CPU = Release|Any CPU
	EndGlobalSection
	GlobalSection(ProjectConfigurationPlatforms) = postSolution
		{7EE95503-3A56-4879-9E1F-282AD8BDE8EF}.Debug|Any CPU.ActiveCfg = Debug|Any CPU
		{7EE95503-3A56-4879-9E1F-282AD8BDE8EF}.Debug|Any CPU.Build.0 = Debug|Any CPU
		{7EE95503-3A56-4879-9E1F-282AD8BDE8EF}.Release|Any CPU.ActiveCfg = Release|Any CPU
		{7EE95503-3A56-4879-9E1F-282AD8BDE8EF}.Release|Any CPU.Build.0 = Release|Any CPU
		{37F692FC-4058-4B72-A936-1EEC3CBF755D}.Debug|Any CPU.ActiveCfg = Debug|Any CPU
		{37F692FC-4058-4B72-A936-1EEC3CBF755D}.Debug|Any CPU.Build.0 = Debug|Any CPU
		{37F692FC-4058-4B72-A936-1EEC3CBF755D}.Release|Any CPU.ActiveCfg = Release|Any CPU
		{37F692FC-4058-4B72-A936-1EEC3CBF755D}.Release|Any CPU.Build.0 = Release|Any CPU
		{62B93BC2-E998-4F7E-9B47-E6720C634F3D}.Debug|Any CPU.ActiveCfg = Debug|Any CPU
		{62B93BC2-E998-4F7E-9B47-E6720C634F3D}.Debug|Any CPU.Build.0 = Debug|Any CPU
		{62B93BC2-E998-4F7E-9B47-E6720C634F3D}.Release|Any CPU.ActiveCfg = Release|Any CPU
		{62B93BC2-E998-4F7E-9B47-E6720C634F3D}.Release|Any CPU.Build.0 = Release|Any CPU
	EndGlobalSection
	GlobalSection(SolutionProperties) = preSolution
		HideSolutionNode = FALSE
	EndGlobalSection
	GlobalSection(ExtensibilityGlobals) = postSolution
		SolutionGuid = {76A77E20-CFF6-4B91-923D-42FC83F76EAF}
	EndGlobalSection
EndGlobal
