
Microsoft Visual Studio Solution File, Format Version 12.00
# Visual Studio 15
VisualStudioVersion = 15.0.27428.2015
MinimumVisualStudioVersion = 10.0.40219.1
Project("{CC5FD16D-436D-48AD-A40C-5A424C6E3E79}") = "WCFServer", "WCFServer\WCFServer.ccproj", "{01CA356F-E8B9-4794-921E-764F02F60EAC}"
EndProject
Project("{FAE04EC0-301F-11D3-BF4B-00C04F79EFBC}") = "JobWorker", "JobWorker\JobWorker.csproj", "{280F90B2-A332-48B9-B839-AEF144049297}"
EndProject
Project("{FAE04EC0-301F-11D3-BF4B-00C04F79EFBC}") = "WCFContracts", "WCFContracts\WCFContracts.csproj", "{04345C09-E18F-4A9F-9DD1-50F355C1D8B6}"
EndProject
Project("{FAE04EC0-301F-11D3-BF4B-00C04F79EFBC}") = "StudentService_Data", "StudentService_Data\StudentService_Data.csproj", "{0B02080E-CA22-4A9A-880A-6BAD83BAA158}"
EndProject
Global
	GlobalSection(SolutionConfigurationPlatforms) = preSolution
		Debug|Any CPU = Debug|Any CPU
		Release|Any CPU = Release|Any CPU
	EndGlobalSection
	GlobalSection(ProjectConfigurationPlatforms) = postSolution
		{01CA356F-E8B9-4794-921E-764F02F60EAC}.Debug|Any CPU.ActiveCfg = Debug|Any CPU
		{01CA356F-E8B9-4794-921E-764F02F60EAC}.Debug|Any CPU.Build.0 = Debug|Any CPU
		{01CA356F-E8B9-4794-921E-764F02F60EAC}.Release|Any CPU.ActiveCfg = Release|Any CPU
		{01CA356F-E8B9-4794-921E-764F02F60EAC}.Release|Any CPU.Build.0 = Release|Any CPU
		{280F90B2-A332-48B9-B839-AEF144049297}.Debug|Any CPU.ActiveCfg = Debug|Any CPU
		{280F90B2-A332-48B9-B839-AEF144049297}.Debug|Any CPU.Build.0 = Debug|Any CPU
		{280F90B2-A332-48B9-B839-AEF144049297}.Release|Any CPU.ActiveCfg = Release|Any CPU
		{280F90B2-A332-48B9-B839-AEF144049297}.Release|Any CPU.Build.0 = Release|Any CPU
		{04345C09-E18F-4A9F-9DD1-50F355C1D8B6}.Debug|Any CPU.ActiveCfg = Debug|Any CPU
		{04345C09-E18F-4A9F-9DD1-50F355C1D8B6}.Debug|Any CPU.Build.0 = Debug|Any CPU
		{04345C09-E18F-4A9F-9DD1-50F355C1D8B6}.Release|Any CPU.ActiveCfg = Release|Any CPU
		{04345C09-E18F-4A9F-9DD1-50F355C1D8B6}.Release|Any CPU.Build.0 = Release|Any CPU
		{0B02080E-CA22-4A9A-880A-6BAD83BAA158}.Debug|Any CPU.ActiveCfg = Debug|Any CPU
		{0B02080E-CA22-4A9A-880A-6BAD83BAA158}.Debug|Any CPU.Build.0 = Debug|Any CPU
		{0B02080E-CA22-4A9A-880A-6BAD83BAA158}.Release|Any CPU.ActiveCfg = Release|Any CPU
		{0B02080E-CA22-4A9A-880A-6BAD83BAA158}.Release|Any CPU.Build.0 = Release|Any CPU
	EndGlobalSection
	GlobalSection(SolutionProperties) = preSolution
		HideSolutionNode = FALSE
	EndGlobalSection
	GlobalSection(ExtensibilityGlobals) = postSolution
		SolutionGuid = {1D8C5DB9-4C2F-4026-8DAF-9F2497E850B8}
	EndGlobalSection
EndGlobal
