
Microsoft Visual Studio Solution File, Format Version 12.00
# Visual Studio 15
VisualStudioVersion = 15.0.27703.2018
MinimumVisualStudioVersion = 10.0.40219.1
Project("{CC5FD16D-436D-48AD-A40C-5A424C6E3E79}") = "CloudService", "CloudService\CloudService.ccproj", "{8A83E254-02B0-4A83-AEC3-AF742350FF6F}"
EndProject
Project("{FAE04EC0-301F-11D3-BF4B-00C04F79EFBC}") = "WebRole", "WebRole\WebRole.csproj", "{29D53E90-F8C6-4BDF-AD13-1E39B4639DD6}"
EndProject
Project("{FAE04EC0-301F-11D3-BF4B-00C04F79EFBC}") = "WorkerRole", "WorkerRole\WorkerRole.csproj", "{322AD5CF-593A-491A-B3C8-F88E5AB18FA2}"
EndProject
Project("{FAE04EC0-301F-11D3-BF4B-00C04F79EFBC}") = "Common", "Common\Common.csproj", "{6D86B951-577A-43D4-B2D2-58F3AEA6F6B5}"
EndProject
Project("{FAE04EC0-301F-11D3-BF4B-00C04F79EFBC}") = "CloudService_Data", "CloudService_Data\CloudService_Data.csproj", "{C92C1CDA-3494-4782-AA00-B5B6E739D4B8}"
EndProject
Global
	GlobalSection(SolutionConfigurationPlatforms) = preSolution
		Debug|Any CPU = Debug|Any CPU
		Release|Any CPU = Release|Any CPU
	EndGlobalSection
	GlobalSection(ProjectConfigurationPlatforms) = postSolution
		{8A83E254-02B0-4A83-AEC3-AF742350FF6F}.Debug|Any CPU.ActiveCfg = Debug|Any CPU
		{8A83E254-02B0-4A83-AEC3-AF742350FF6F}.Debug|Any CPU.Build.0 = Debug|Any CPU
		{8A83E254-02B0-4A83-AEC3-AF742350FF6F}.Release|Any CPU.ActiveCfg = Release|Any CPU
		{8A83E254-02B0-4A83-AEC3-AF742350FF6F}.Release|Any CPU.Build.0 = Release|Any CPU
		{29D53E90-F8C6-4BDF-AD13-1E39B4639DD6}.Debug|Any CPU.ActiveCfg = Debug|Any CPU
		{29D53E90-F8C6-4BDF-AD13-1E39B4639DD6}.Debug|Any CPU.Build.0 = Debug|Any CPU
		{29D53E90-F8C6-4BDF-AD13-1E39B4639DD6}.Release|Any CPU.ActiveCfg = Release|Any CPU
		{29D53E90-F8C6-4BDF-AD13-1E39B4639DD6}.Release|Any CPU.Build.0 = Release|Any CPU
		{322AD5CF-593A-491A-B3C8-F88E5AB18FA2}.Debug|Any CPU.ActiveCfg = Debug|Any CPU
		{322AD5CF-593A-491A-B3C8-F88E5AB18FA2}.Debug|Any CPU.Build.0 = Debug|Any CPU
		{322AD5CF-593A-491A-B3C8-F88E5AB18FA2}.Release|Any CPU.ActiveCfg = Release|Any CPU
		{322AD5CF-593A-491A-B3C8-F88E5AB18FA2}.Release|Any CPU.Build.0 = Release|Any CPU
		{6D86B951-577A-43D4-B2D2-58F3AEA6F6B5}.Debug|Any CPU.ActiveCfg = Debug|Any CPU
		{6D86B951-577A-43D4-B2D2-58F3AEA6F6B5}.Debug|Any CPU.Build.0 = Debug|Any CPU
		{6D86B951-577A-43D4-B2D2-58F3AEA6F6B5}.Release|Any CPU.ActiveCfg = Release|Any CPU
		{6D86B951-577A-43D4-B2D2-58F3AEA6F6B5}.Release|Any CPU.Build.0 = Release|Any CPU
		{C92C1CDA-3494-4782-AA00-B5B6E739D4B8}.Debug|Any CPU.ActiveCfg = Debug|Any CPU
		{C92C1CDA-3494-4782-AA00-B5B6E739D4B8}.Debug|Any CPU.Build.0 = Debug|Any CPU
		{C92C1CDA-3494-4782-AA00-B5B6E739D4B8}.Release|Any CPU.ActiveCfg = Release|Any CPU
		{C92C1CDA-3494-4782-AA00-B5B6E739D4B8}.Release|Any CPU.Build.0 = Release|Any CPU
	EndGlobalSection
	GlobalSection(SolutionProperties) = preSolution
		HideSolutionNode = FALSE
	EndGlobalSection
	GlobalSection(ExtensibilityGlobals) = postSolution
		SolutionGuid = {D92D99F0-2106-481E-9AA2-973E037DF310}
	EndGlobalSection
EndGlobal
