
Microsoft Visual Studio Solution File, Format Version 12.00
# Visual Studio 15
VisualStudioVersion = 15.0.27703.2018
MinimumVisualStudioVersion = 10.0.40219.1
Project("{CC5FD16D-436D-48AD-A40C-5A424C6E3E79}") = "CloudService", "CloudService\CloudService.ccproj", "{9418F38F-52A1-4C7E-BD87-51F29FC1B28C}"
EndProject
Project("{FAE04EC0-301F-11D3-BF4B-00C04F79EFBC}") = "WebRole", "WebRole\WebRole.csproj", "{20A4C9E8-8852-4A37-B91C-A3C2C74C30A4}"
EndProject
Project("{FAE04EC0-301F-11D3-BF4B-00C04F79EFBC}") = "WorkerRole", "WorkerRole\WorkerRole.csproj", "{B26501AB-6CD5-41B7-AB68-64C36F07E1B4}"
EndProject
Project("{FAE04EC0-301F-11D3-BF4B-00C04F79EFBC}") = "Common", "Common\Common.csproj", "{64362CBC-AF2E-4CFC-AA0A-4E668D6E5268}"
EndProject
Project("{FAE04EC0-301F-11D3-BF4B-00C04F79EFBC}") = "StorageHelper", "..\Cloud K2 Helper - Copy\StorageHelper\StorageHelper.csproj", "{1EF2F76D-222A-4F8B-B208-7ECEBE99A565}"
EndProject
Global
	GlobalSection(SolutionConfigurationPlatforms) = preSolution
		Debug|Any CPU = Debug|Any CPU
		Release|Any CPU = Release|Any CPU
	EndGlobalSection
	GlobalSection(ProjectConfigurationPlatforms) = postSolution
		{9418F38F-52A1-4C7E-BD87-51F29FC1B28C}.Debug|Any CPU.ActiveCfg = Debug|Any CPU
		{9418F38F-52A1-4C7E-BD87-51F29FC1B28C}.Debug|Any CPU.Build.0 = Debug|Any CPU
		{9418F38F-52A1-4C7E-BD87-51F29FC1B28C}.Release|Any CPU.ActiveCfg = Release|Any CPU
		{9418F38F-52A1-4C7E-BD87-51F29FC1B28C}.Release|Any CPU.Build.0 = Release|Any CPU
		{20A4C9E8-8852-4A37-B91C-A3C2C74C30A4}.Debug|Any CPU.ActiveCfg = Debug|Any CPU
		{20A4C9E8-8852-4A37-B91C-A3C2C74C30A4}.Debug|Any CPU.Build.0 = Debug|Any CPU
		{20A4C9E8-8852-4A37-B91C-A3C2C74C30A4}.Release|Any CPU.ActiveCfg = Release|Any CPU
		{20A4C9E8-8852-4A37-B91C-A3C2C74C30A4}.Release|Any CPU.Build.0 = Release|Any CPU
		{B26501AB-6CD5-41B7-AB68-64C36F07E1B4}.Debug|Any CPU.ActiveCfg = Debug|Any CPU
		{B26501AB-6CD5-41B7-AB68-64C36F07E1B4}.Debug|Any CPU.Build.0 = Debug|Any CPU
		{B26501AB-6CD5-41B7-AB68-64C36F07E1B4}.Release|Any CPU.ActiveCfg = Release|Any CPU
		{B26501AB-6CD5-41B7-AB68-64C36F07E1B4}.Release|Any CPU.Build.0 = Release|Any CPU
		{64362CBC-AF2E-4CFC-AA0A-4E668D6E5268}.Debug|Any CPU.ActiveCfg = Debug|Any CPU
		{64362CBC-AF2E-4CFC-AA0A-4E668D6E5268}.Debug|Any CPU.Build.0 = Debug|Any CPU
		{64362CBC-AF2E-4CFC-AA0A-4E668D6E5268}.Release|Any CPU.ActiveCfg = Release|Any CPU
		{64362CBC-AF2E-4CFC-AA0A-4E668D6E5268}.Release|Any CPU.Build.0 = Release|Any CPU
		{1EF2F76D-222A-4F8B-B208-7ECEBE99A565}.Debug|Any CPU.ActiveCfg = Debug|Any CPU
		{1EF2F76D-222A-4F8B-B208-7ECEBE99A565}.Debug|Any CPU.Build.0 = Debug|Any CPU
		{1EF2F76D-222A-4F8B-B208-7ECEBE99A565}.Release|Any CPU.ActiveCfg = Release|Any CPU
		{1EF2F76D-222A-4F8B-B208-7ECEBE99A565}.Release|Any CPU.Build.0 = Release|Any CPU
	EndGlobalSection
	GlobalSection(SolutionProperties) = preSolution
		HideSolutionNode = FALSE
	EndGlobalSection
	GlobalSection(ExtensibilityGlobals) = postSolution
		SolutionGuid = {FC8F421C-EE7B-4D26-9F6C-F3BD363E12B0}
	EndGlobalSection
EndGlobal
