
Microsoft Visual Studio Solution File, Format Version 12.00
# Visual Studio 15
VisualStudioVersion = 15.0.27703.2018
MinimumVisualStudioVersion = 10.0.40219.1
Project("{CC5FD16D-436D-48AD-A40C-5A424C6E3E79}") = "CloudService", "CloudService\CloudService.ccproj", "{FA5E86E7-DAA2-4EDC-BACC-DA6650B1FBD2}"
EndProject
Project("{FAE04EC0-301F-11D3-BF4B-00C04F79EFBC}") = "WebRole", "WebRole\WebRole.csproj", "{09AE4CD7-12D3-4D9D-9A11-510AE8993E58}"
EndProject
Project("{FAE04EC0-301F-11D3-BF4B-00C04F79EFBC}") = "WorkerRole", "WorkerRole\WorkerRole.csproj", "{54BA14B8-CEE1-4F26-A27A-B9C8A33B5BAE}"
EndProject
Project("{FAE04EC0-301F-11D3-BF4B-00C04F79EFBC}") = "Common", "Common\Common.csproj", "{38CDEAAD-3A3B-4EF4-877B-3CB9E3C26BE7}"
EndProject
Project("{FAE04EC0-301F-11D3-BF4B-00C04F79EFBC}") = "StorageHelper", "..\StorageHelper\StorageHelper.csproj", "{1EF2F76D-222A-4F8B-B208-7ECEBE99A565}"
EndProject
Global
	GlobalSection(SolutionConfigurationPlatforms) = preSolution
		Debug|Any CPU = Debug|Any CPU
		Release|Any CPU = Release|Any CPU
	EndGlobalSection
	GlobalSection(ProjectConfigurationPlatforms) = postSolution
		{FA5E86E7-DAA2-4EDC-BACC-DA6650B1FBD2}.Debug|Any CPU.ActiveCfg = Debug|Any CPU
		{FA5E86E7-DAA2-4EDC-BACC-DA6650B1FBD2}.Debug|Any CPU.Build.0 = Debug|Any CPU
		{FA5E86E7-DAA2-4EDC-BACC-DA6650B1FBD2}.Release|Any CPU.ActiveCfg = Release|Any CPU
		{FA5E86E7-DAA2-4EDC-BACC-DA6650B1FBD2}.Release|Any CPU.Build.0 = Release|Any CPU
		{09AE4CD7-12D3-4D9D-9A11-510AE8993E58}.Debug|Any CPU.ActiveCfg = Debug|Any CPU
		{09AE4CD7-12D3-4D9D-9A11-510AE8993E58}.Debug|Any CPU.Build.0 = Debug|Any CPU
		{09AE4CD7-12D3-4D9D-9A11-510AE8993E58}.Release|Any CPU.ActiveCfg = Release|Any CPU
		{09AE4CD7-12D3-4D9D-9A11-510AE8993E58}.Release|Any CPU.Build.0 = Release|Any CPU
		{54BA14B8-CEE1-4F26-A27A-B9C8A33B5BAE}.Debug|Any CPU.ActiveCfg = Debug|Any CPU
		{54BA14B8-CEE1-4F26-A27A-B9C8A33B5BAE}.Debug|Any CPU.Build.0 = Debug|Any CPU
		{54BA14B8-CEE1-4F26-A27A-B9C8A33B5BAE}.Release|Any CPU.ActiveCfg = Release|Any CPU
		{54BA14B8-CEE1-4F26-A27A-B9C8A33B5BAE}.Release|Any CPU.Build.0 = Release|Any CPU
		{38CDEAAD-3A3B-4EF4-877B-3CB9E3C26BE7}.Debug|Any CPU.ActiveCfg = Debug|Any CPU
		{38CDEAAD-3A3B-4EF4-877B-3CB9E3C26BE7}.Debug|Any CPU.Build.0 = Debug|Any CPU
		{38CDEAAD-3A3B-4EF4-877B-3CB9E3C26BE7}.Release|Any CPU.ActiveCfg = Release|Any CPU
		{38CDEAAD-3A3B-4EF4-877B-3CB9E3C26BE7}.Release|Any CPU.Build.0 = Release|Any CPU
		{1EF2F76D-222A-4F8B-B208-7ECEBE99A565}.Debug|Any CPU.ActiveCfg = Debug|Any CPU
		{1EF2F76D-222A-4F8B-B208-7ECEBE99A565}.Debug|Any CPU.Build.0 = Debug|Any CPU
		{1EF2F76D-222A-4F8B-B208-7ECEBE99A565}.Release|Any CPU.ActiveCfg = Release|Any CPU
		{1EF2F76D-222A-4F8B-B208-7ECEBE99A565}.Release|Any CPU.Build.0 = Release|Any CPU
	EndGlobalSection
	GlobalSection(SolutionProperties) = preSolution
		HideSolutionNode = FALSE
	EndGlobalSection
	GlobalSection(ExtensibilityGlobals) = postSolution
		SolutionGuid = {C657BA09-D4DF-45DB-B2D2-EFD846680642}
	EndGlobalSection
EndGlobal
