
Microsoft Visual Studio Solution File, Format Version 12.00
# Visual Studio 15
VisualStudioVersion = 15.0.27428.2015
MinimumVisualStudioVersion = 10.0.40219.1
Project("{CC5FD16D-436D-48AD-A40C-5A424C6E3E79}") = "DistributedTransaction", "DistributedTransaction\DistributedTransaction.ccproj", "{0A838B93-E65C-4704-A877-2C893CB97EFA}"
EndProject
Project("{FAE04EC0-301F-11D3-BF4B-00C04F79EFBC}") = "Bank", "Bank\Bank.csproj", "{49095A19-EEB6-46C5-9D5A-6A7D8A4E9BBF}"
EndProject
Project("{FAE04EC0-301F-11D3-BF4B-00C04F79EFBC}") = "Bookstore", "Bookstore\Bookstore.csproj", "{DDD5E597-CE0A-4D98-AD15-3DC79F07428B}"
EndProject
Project("{FAE04EC0-301F-11D3-BF4B-00C04F79EFBC}") = "TransactionCoordinator", "TransactionCoordinator\TransactionCoordinator.csproj", "{32ABCF0A-52F8-494E-8D7E-3EA2B4B6E82E}"
EndProject
Project("{FAE04EC0-301F-11D3-BF4B-00C04F79EFBC}") = "Common", "Common\Common.csproj", "{54C541E0-0BF1-4AEB-A7CC-0328241A1CF5}"
EndProject
Project("{FAE04EC0-301F-11D3-BF4B-00C04F79EFBC}") = "Bank_Data", "Bank_Data\Bank_Data.csproj", "{E33676A8-92AF-40E6-9C55-2E2EB67D7100}"
EndProject
Global
	GlobalSection(SolutionConfigurationPlatforms) = preSolution
		Debug|Any CPU = Debug|Any CPU
		Release|Any CPU = Release|Any CPU
	EndGlobalSection
	GlobalSection(ProjectConfigurationPlatforms) = postSolution
		{0A838B93-E65C-4704-A877-2C893CB97EFA}.Debug|Any CPU.ActiveCfg = Debug|Any CPU
		{0A838B93-E65C-4704-A877-2C893CB97EFA}.Debug|Any CPU.Build.0 = Debug|Any CPU
		{0A838B93-E65C-4704-A877-2C893CB97EFA}.Release|Any CPU.ActiveCfg = Release|Any CPU
		{0A838B93-E65C-4704-A877-2C893CB97EFA}.Release|Any CPU.Build.0 = Release|Any CPU
		{49095A19-EEB6-46C5-9D5A-6A7D8A4E9BBF}.Debug|Any CPU.ActiveCfg = Debug|Any CPU
		{49095A19-EEB6-46C5-9D5A-6A7D8A4E9BBF}.Debug|Any CPU.Build.0 = Debug|Any CPU
		{49095A19-EEB6-46C5-9D5A-6A7D8A4E9BBF}.Release|Any CPU.ActiveCfg = Release|Any CPU
		{49095A19-EEB6-46C5-9D5A-6A7D8A4E9BBF}.Release|Any CPU.Build.0 = Release|Any CPU
		{DDD5E597-CE0A-4D98-AD15-3DC79F07428B}.Debug|Any CPU.ActiveCfg = Debug|Any CPU
		{DDD5E597-CE0A-4D98-AD15-3DC79F07428B}.Debug|Any CPU.Build.0 = Debug|Any CPU
		{DDD5E597-CE0A-4D98-AD15-3DC79F07428B}.Release|Any CPU.ActiveCfg = Release|Any CPU
		{DDD5E597-CE0A-4D98-AD15-3DC79F07428B}.Release|Any CPU.Build.0 = Release|Any CPU
		{32ABCF0A-52F8-494E-8D7E-3EA2B4B6E82E}.Debug|Any CPU.ActiveCfg = Debug|Any CPU
		{32ABCF0A-52F8-494E-8D7E-3EA2B4B6E82E}.Debug|Any CPU.Build.0 = Debug|Any CPU
		{32ABCF0A-52F8-494E-8D7E-3EA2B4B6E82E}.Release|Any CPU.ActiveCfg = Release|Any CPU
		{32ABCF0A-52F8-494E-8D7E-3EA2B4B6E82E}.Release|Any CPU.Build.0 = Release|Any CPU
		{54C541E0-0BF1-4AEB-A7CC-0328241A1CF5}.Debug|Any CPU.ActiveCfg = Debug|Any CPU
		{54C541E0-0BF1-4AEB-A7CC-0328241A1CF5}.Debug|Any CPU.Build.0 = Debug|Any CPU
		{54C541E0-0BF1-4AEB-A7CC-0328241A1CF5}.Release|Any CPU.ActiveCfg = Release|Any CPU
		{54C541E0-0BF1-4AEB-A7CC-0328241A1CF5}.Release|Any CPU.Build.0 = Release|Any CPU
		{E33676A8-92AF-40E6-9C55-2E2EB67D7100}.Debug|Any CPU.ActiveCfg = Debug|Any CPU
		{E33676A8-92AF-40E6-9C55-2E2EB67D7100}.Debug|Any CPU.Build.0 = Debug|Any CPU
		{E33676A8-92AF-40E6-9C55-2E2EB67D7100}.Release|Any CPU.ActiveCfg = Release|Any CPU
		{E33676A8-92AF-40E6-9C55-2E2EB67D7100}.Release|Any CPU.Build.0 = Release|Any CPU
	EndGlobalSection
	GlobalSection(SolutionProperties) = preSolution
		HideSolutionNode = FALSE
	EndGlobalSection
	GlobalSection(ExtensibilityGlobals) = postSolution
		SolutionGuid = {6B1BB692-5E5F-40BE-83D7-FDF7E69A76B3}
	EndGlobalSection
EndGlobal
