
Microsoft Visual Studio Solution File, Format Version 12.00
# Visual Studio 15
VisualStudioVersion = 15.0.27703.2018
MinimumVisualStudioVersion = 10.0.40219.1
Project("{CC5FD16D-436D-48AD-A40C-5A424C6E3E79}") = "CloudService", "CloudService\CloudService.ccproj", "{DF423F82-4738-442C-BF5D-2E0E232F170F}"
EndProject
Project("{FAE04EC0-301F-11D3-BF4B-00C04F79EFBC}") = "WebRole", "WebRole\WebRole.csproj", "{C20A707E-75F6-4CC2-B8BA-A143EDE9971B}"
EndProject
Project("{FAE04EC0-301F-11D3-BF4B-00C04F79EFBC}") = "CloudServiceData", "CloudServiceData\CloudServiceData.csproj", "{B14E93A0-8E1B-46F7-9E84-B8280BA242F2}"
EndProject
Global
	GlobalSection(SolutionConfigurationPlatforms) = preSolution
		Debug|Any CPU = Debug|Any CPU
		Release|Any CPU = Release|Any CPU
	EndGlobalSection
	GlobalSection(ProjectConfigurationPlatforms) = postSolution
		{DF423F82-4738-442C-BF5D-2E0E232F170F}.Debug|Any CPU.ActiveCfg = Debug|Any CPU
		{DF423F82-4738-442C-BF5D-2E0E232F170F}.Debug|Any CPU.Build.0 = Debug|Any CPU
		{DF423F82-4738-442C-BF5D-2E0E232F170F}.Release|Any CPU.ActiveCfg = Release|Any CPU
		{DF423F82-4738-442C-BF5D-2E0E232F170F}.Release|Any CPU.Build.0 = Release|Any CPU
		{C20A707E-75F6-4CC2-B8BA-A143EDE9971B}.Debug|Any CPU.ActiveCfg = Debug|Any CPU
		{C20A707E-75F6-4CC2-B8BA-A143EDE9971B}.Debug|Any CPU.Build.0 = Debug|Any CPU
		{C20A707E-75F6-4CC2-B8BA-A143EDE9971B}.Release|Any CPU.ActiveCfg = Release|Any CPU
		{C20A707E-75F6-4CC2-B8BA-A143EDE9971B}.Release|Any CPU.Build.0 = Release|Any CPU
		{B14E93A0-8E1B-46F7-9E84-B8280BA242F2}.Debug|Any CPU.ActiveCfg = Debug|Any CPU
		{B14E93A0-8E1B-46F7-9E84-B8280BA242F2}.Debug|Any CPU.Build.0 = Debug|Any CPU
		{B14E93A0-8E1B-46F7-9E84-B8280BA242F2}.Release|Any CPU.ActiveCfg = Release|Any CPU
		{B14E93A0-8E1B-46F7-9E84-B8280BA242F2}.Release|Any CPU.Build.0 = Release|Any CPU
	EndGlobalSection
	GlobalSection(SolutionProperties) = preSolution
		HideSolutionNode = FALSE
	EndGlobalSection
	GlobalSection(ExtensibilityGlobals) = postSolution
		SolutionGuid = {2EA2DAFC-8504-408C-9802-4B084C901C13}
	EndGlobalSection
EndGlobal
